
Microsoft Visual Studio Solution File, Format Version 12.00
# Visual Studio Version 16
VisualStudioVersion = 16.0.29709.97
MinimumVisualStudioVersion = 10.0.40219.1
Project("{FAE04EC0-301F-11D3-BF4B-00C04F79EFBC}") = "cs-order-linq", "cs-order-linq\cs-order-linq.csproj", "{9DE48A04-503B-482F-A0E4-705F94BEB521}"
EndProject
Global
	GlobalSection(SolutionConfigurationPlatforms) = preSolution
		Debug|Any CPU = Debug|Any CPU
		Release|Any CPU = Release|Any CPU
	EndGlobalSection
	GlobalSection(ProjectConfigurationPlatforms) = postSolution
		{9DE48A04-503B-482F-A0E4-705F94BEB521}.Debug|Any CPU.ActiveCfg = Debug|Any CPU
		{9DE48A04-503B-482F-A0E4-705F94BEB521}.Debug|Any CPU.Build.0 = Debug|Any CPU
		{9DE48A04-503B-482F-A0E4-705F94BEB521}.Release|Any CPU.ActiveCfg = Release|Any CPU
		{9DE48A04-503B-482F-A0E4-705F94BEB521}.Release|Any CPU.Build.0 = Release|Any CPU
	EndGlobalSection
	GlobalSection(SolutionProperties) = preSolution
		HideSolutionNode = FALSE
	EndGlobalSection
	GlobalSection(ExtensibilityGlobals) = postSolution
		SolutionGuid = {A1339341-738E-4573-86B0-23F4832F77E5}
	EndGlobalSection
EndGlobal
